// !$*UTF8*$!
{
	archiveVersion = 1;
	classes = {
	};
	objectVersion = 46;
	objects = {

/* Begin PBXBuildFile section */
		F71A41271C7D032A009A3A2A /* AppDelegate.swift in Sources */ = {isa = PBXBuildFile; fileRef = F71A41261C7D032A009A3A2A /* AppDelegate.swift */; };
		F71A41291C7D032A009A3A2A /* ViewController.swift in Sources */ = {isa = PBXBuildFile; fileRef = F71A41281C7D032A009A3A2A /* ViewController.swift */; };
		F71A412C1C7D032A009A3A2A /* Main.storyboard in Resources */ = {isa = PBXBuildFile; fileRef = F71A412A1C7D032A009A3A2A /* Main.storyboard */; };
		F71A412E1C7D032A009A3A2A /* Assets.xcassets in Resources */ = {isa = PBXBuildFile; fileRef = F71A412D1C7D032A009A3A2A /* Assets.xcassets */; };
		F71A41311C7D032A009A3A2A /* LaunchScreen.storyboard in Resources */ = {isa = PBXBuildFile; fileRef = F71A412F1C7D032A009A3A2A /* LaunchScreen.storyboard */; };
/* End PBXBuildFile section */

/* Begin PBXFileReference section */
		F71A41231C7D0329009A3A2A /* Instagram-Parse.app */ = {isa = PBXFileReference; explicitFileType = wrapper.application; includeInIndex = 0; path = "Instagram-Parse.app"; sourceTree = BUILT_PRODUCTS_DIR; };
		F71A41261C7D032A009A3A2A /* AppDelegate.swift */ = {isa = PBXFileReference; lastKnownFileType = sourcecode.swift; path = AppDelegate.swift; sourceTree = "<group>"; };
		F71A41281C7D032A009A3A2A /* ViewController.swift */ = {isa = PBXFileReference; lastKnownFileType = sourcecode.swift; path = ViewController.swift; sourceTree = "<group>"; };
		F71A412B1C7D032A009A3A2A /* Base */ = {isa = PBXFileReference; lastKnownFileType = file.storyboard; name = Base; path = Base.lproj/Main.storyboard; sourceTree = "<group>"; };
		F71A412D1C7D032A009A3A2A /* Assets.xcassets */ = {isa = PBXFileReference; lastKnownFileType = folder.assetcatalog; path = Assets.xcassets; sourceTree = "<group>"; };
		F71A41301C7D032A009A3A2A /* Base */ = {isa = PBXFileReference; lastKnownFileType = file.storyboard; name = Base; path = Base.lproj/LaunchScreen.storyboard; sourceTree = "<group>"; };
		F71A41321C7D032A009A3A2A /* Info.plist */ = {isa = PBXFileReference; lastKnownFileType = text.plist.xml; path = Info.plist; sourceTree = "<group>"; };
/* End PBXFileReference section */

/* Begin PBXFrameworksBuildPhase section */
		F71A41201C7D0329009A3A2A /* Frameworks */ = {
			isa = PBXFrameworksBuildPhase;
			buildActionMask = 2147483647;
			files = (
			);
			runOnlyForDeploymentPostprocessing = 0;
		};
/* End PBXFrameworksBuildPhase section */

/* Begin PBXGroup section */
		F71A411A1C7D0329009A3A2A = {
			isa = PBXGroup;
			children = (
				F71A41251C7D032A009A3A2A /* Instagram-Parse */,
				F71A41241C7D0329009A3A2A /* Products */,
			);
			sourceTree = "<group>";
		};
		F71A41241C7D0329009A3A2A /* Products */ = {
			isa = PBXGroup;
			children = (
				F71A41231C7D0329009A3A2A /* Instagram-Parse.app */,
			);
			name = Products;
			sourceTree = "<group>";
		};
		F71A41251C7D032A009A3A2A /* Instagram-Parse */ = {
			isa = PBXGroup;
			children = (
				F71A41261C7D032A009A3A2A /* AppDelegate.swift */,
				F71A41281C7D032A009A3A2A /* ViewController.swift */,
				F71A412A1C7D032A009A3A2A /* Main.storyboard */,
				F71A412D1C7D032A009A3A2A /* Assets.xcassets */,
				F71A412F1C7D032A009A3A2A /* LaunchScreen.storyboard */,
				F71A41321C7D032A009A3A2A /* Info.plist */,
			);
			path = "Instagram-Parse";
			sourceTree = "<group>";
		};
/* End PBXGroup section */

/* Begin PBXNativeTarget section */
		F71A41221C7D0329009A3A2A /* Instagram-Parse */ = {
			isa = PBXNativeTarget;
			buildConfigurationList = F71A41351C7D032A009A3A2A /* Build configuration list for PBXNativeTarget "Instagram-Parse" */;
			buildPhases = (
				F71A411F1C7D0329009A3A2A /* Sources */,
				F71A41201C7D0329009A3A2A /* Frameworks */,
				F71A41211C7D0329009A3A2A /* Resources */,
			);
			buildRules = (
			);
			dependencies = (
			);
			name = "Instagram-Parse";
			productName = "Instagram-Parse";
			productReference = F71A41231C7D0329009A3A2A /* Instagram-Parse.app */;
			productType = "com.apple.product-type.application";
		};
/* End PBXNativeTarget section */

/* Begin PBXProject section */
		F71A411B1C7D0329009A3A2A /* Project object */ = {
			isa = PBXProject;
			attributes = {
				LastSwiftUpdateCheck = 0720;
				LastUpgradeCheck = 0720;
				ORGANIZATIONNAME = ZengJintao;
				TargetAttributes = {
					F71A41221C7D0329009A3A2A = {
						CreatedOnToolsVersion = 7.2;
					};
				};
			};
			buildConfigurationList = F71A411E1C7D0329009A3A2A /* Build configuration list for PBXProject "Instagram-Parse" */;
			compatibilityVersion = "Xcode 3.2";
			developmentRegion = English;
			hasScannedForEncodings = 0;
			knownRegions = (
				en,
				Base,
			);
			mainGroup = F71A411A1C7D0329009A3A2A;
			productRefGroup = F71A41241C7D0329009A3A2A /* Products */;
			projectDirPath = "";
			projectRoot = "";
			targets = (
				F71A41221C7D0329009A3A2A /* Instagram-Parse */,
			);
		};
/* End PBXProject section */

/* Begin PBXResourcesBuildPhase section */
		F71A41211C7D0329009A3A2A /* Resources */ = {
			isa = PBXResourcesBuildPhase;
			buildActionMask = 2147483647;
			files = (
				F71A41311C7D032A009A3A2A /* LaunchScreen.storyboard in Resources */,
				F71A412E1C7D032A009A3A2A /* Assets.xcassets in Resources */,
				F71A412C1C7D032A009A3A2A /* Main.storyboard in Resources */,
			);
			runOnlyForDeploymentPostprocessing = 0;
		};
/* End PBXResourcesBuildPhase section */

/* Begin PBXSourcesBuildPhase section */
		F71A411F1C7D0329009A3A2A /* Sources */ = {
			isa = PBXSourcesBuildPhase;
			buildActionMask = 2147483647;
			files = (
				F71A41291C7D032A009A3A2A /* ViewController.swift in Sources */,
				F71A41271C7D032A009A3A2A /* AppDelegate.swift in Sources */,
			);
			runOnlyForDeploymentPostprocessing = 0;
		};
/* End PBXSourcesBuildPhase section */

/* Begin PBXVariantGroup section */
		F71A412A1C7D032A009A3A2A /* Main.storyboard */ = {
			isa = PBXVariantGroup;
			children = (
				F71A412B1C7D032A009A3A2A /* Base */,
			);
			name = Main.storyboard;
			sourceTree = "<group>";
		};
		F71A412F1C7D032A009A3A2A /* LaunchScreen.storyboard */ = {
			isa = PBXVariantGroup;
			children = (
				F71A41301C7D032A009A3A2A /* Base */,
			);
			name = LaunchScreen.storyboard;
			sourceTree = "<group>";
		};
/* End PBXVariantGroup section */

/* Begin XCBuildConfiguration section */
		F71A41331C7D032A009A3A2A /* Debug */ = {
			isa = XCBuildConfiguration;
			buildSettings = {
				ALWAYS_SEARCH_USER_PATHS = NO;
				CLANG_CXX_LANGUAGE_STANDARD = "gnu++0x";
				CLANG_CXX_LIBRARY = "libc++";
				CLANG_ENABLE_MODULES = YES;
				CLANG_ENABLE_OBJC_ARC = YES;
				CLANG_WARN_BOOL_CONVERSION = YES;
				CLANG_WARN_CONSTANT_CONVERSION = YES;
				CLANG_WARN_DIRECT_OBJC_ISA_USAGE = YES_ERROR;
				CLANG_WARN_EMPTY_BODY = YES;
				CLANG_WARN_ENUM_CONVERSION = YES;
				CLANG_WARN_INT_CONVERSION = YES;
				CLANG_WARN_OBJC_ROOT_CLASS = YES_ERROR;
				CLANG_WARN_UNREACHABLE_CODE = YES;
				CLANG_WARN__DUPLICATE_METHOD_MATCH = YES;
				"CODE_SIGN_IDENTITY[sdk=iphoneos*]" = "iPhone Developer";
				COPY_PHASE_STRIP = NO;
				DEBUG_INFORMATION_FORMAT = dwarf;
				ENABLE_STRICT_OBJC_MSGSEND = YES;
				ENABLE_TESTABILITY = YES;
				GCC_C_LANGUAGE_STANDARD = gnu99;
				GCC_DYNAMIC_NO_PIC = NO;
				GCC_NO_COMMON_BLOCKS = YES;
				GCC_OPTIMIZATION_LEVEL = 0;
				GCC_PREPROCESSOR_DEFINITIONS = (
					"DEBUG=1",
					"$(inherited)",
				);
				GCC_WARN_64_TO_32_BIT_CONVERSION = YES;
				GCC_WARN_ABOUT_RETURN_TYPE = YES_ERROR;
				GCC_WARN_UNDECLARED_SELECTOR = YES;
				GCC_WARN_UNINITIALIZED_AUTOS = YES_AGGRESSIVE;
				GCC_WARN_UNUSED_FUNCTION = YES;
				GCC_WARN_UNUSED_VARIABLE = YES;
				IPHONEOS_DEPLOYMENT_TARGET = 9.2;
				MTL_ENABLE_DEBUG_INFO = YES;
				ONLY_ACTIVE_ARCH = YES;
				SDKROOT = iphoneos;
				SWIFT_OPTIMIZATION_LEVEL = "-Onone";
				TARGETED_DEVICE_FAMILY = "1,2";
			};
			name = Debug;
		};
		F71A41341C7D032A009A3A2A /* Release */ = {
			isa = XCBuildConfiguration;
			buildSettings = {
				ALWAYS_SEARCH_USER_PATHS = NO;
				CLANG_CXX_LANGUAGE_STANDARD = "gnu++0x";
				CLANG_CXX_LIBRARY = "libc++";
				CLANG_ENABLE_MODULES = YES;
				CLANG_ENABLE_OBJC_ARC = YES;
				CLANG_WARN_BOOL_CONVERSION = YES;
				CLANG_WARN_CONSTANT_CONVERSION = YES;
				CLANG_WARN_DIRECT_OBJC_ISA_USAGE = YES_ERROR;
				CLANG_WARN_EMPTY_BODY = YES;
				CLANG_WARN_ENUM_CONVERSION = YES;
				CLANG_WARN_INT_CONVERSION = YES;
				CLANG_WARN_OBJC_ROOT_CLASS = YES_ERROR;
				CLANG_WARN_UNREACHABLE_CODE = YES;
				CLANG_WARN__DUPLICATE_METHOD_MATCH = YES;
				"CODE_SIGN_IDENTITY[sdk=iphoneos*]" = "iPhone Developer";
				COPY_PHASE_STRIP = NO;
				DEBUG_INFORMATION_FORMAT = "dwarf-with-dsym";
				ENABLE_NS_ASSERTIONS = NO;
				ENABLE_STRICT_OBJC_MSGSEND = YES;
				GCC_C_LANGUAGE_STANDARD = gnu99;
				GCC_NO_COMMON_BLOCKS = YES;
				GCC_WARN_64_TO_32_BIT_CONVERSION = YES;
				GCC_WARN_ABOUT_RETURN_TYPE = YES_ERROR;
				GCC_WARN_UNDECLARED_SELECTOR = YES;
				GCC_WARN_UNINITIALIZED_AUTOS = YES_AGGRESSIVE;
				GCC_WARN_UNUSED_FUNCTION = YES;
				GCC_WARN_UNUSED_VARIABLE = YES;
				IPHONEOS_DEPLOYMENT_TARGET = 9.2;
				MTL_ENABLE_DEBUG_INFO = NO;
				SDKROOT = iphoneos;
				TARGETED_DEVICE_FAMILY = "1,2";
				VALIDATE_PRODUCT = YES;
			};
			name = Release;
		};
		F71A41361C7D032A009A3A2A /* Debug */ = {
			isa = XCBuildConfiguration;
			buildSettings = {
				ASSETCATALOG_COMPILER_APPICON_NAME = AppIcon;
				INFOPLIST_FILE = "Instagram-Parse/Info.plist";
				LD_RUNPATH_SEARCH_PATHS = "$(inherited) @executable_path/Frameworks";
				PRODUCT_BUNDLE_IDENTIFIER = "PurdueIdeaFamily.Instagram-Parse";
				PRODUCT_NAME = "$(TARGET_NAME)";
			};
			name = Debug;
		};
		F71A41371C7D032A009A3A2A /* Release */ = {
			isa = XCBuildConfiguration;
			buildSettings = {
				ASSETCATALOG_COMPILER_APPICON_NAME = AppIcon;
				INFOPLIST_FILE = "Instagram-Parse/Info.plist";
				LD_RUNPATH_SEARCH_PATHS = "$(inherited) @executable_path/Frameworks";
				PRODUCT_BUNDLE_IDENTIFIER = "PurdueIdeaFamily.Instagram-Parse";
				PRODUCT_NAME = "$(TARGET_NAME)";
			};
			name = Release;
		};
/* End XCBuildConfiguration section */

/* Begin XCConfigurationList section */
		F71A411E1C7D0329009A3A2A /* Build configuration list for PBXProject "Instagram-Parse" */ = {
			isa = XCConfigurationList;
			buildConfigurations = (
				F71A41331C7D032A009A3A2A /* Debug */,
				F71A41341C7D032A009A3A2A /* Release */,
			);
			defaultConfigurationIsVisible = 0;
			defaultConfigurationName = Release;
		};
		F71A41351C7D032A009A3A2A /* Build configuration list for PBXNativeTarget "Instagram-Parse" */ = {
			isa = XCConfigurationList;
			buildConfigurations = (
				F71A41361C7D032A009A3A2A /* Debug */,
				F71A41371C7D032A009A3A2A /* Release */,
			);
			defaultConfigurationIsVisible = 0;
		};
/* End XCConfigurationList section */
	};
	rootObject = F71A411B1C7D0329009A3A2A /* Project object */;
}
